
Microsoft Visual Studio Solution File, Format Version 12.00
# Visual Studio 2013
VisualStudioVersion = 12.0.30723.0
MinimumVisualStudioVersion = 10.0.40219.1
Project("{FAE04EC0-301F-11D3-BF4B-00C04F79EFBC}") = "ServiceRegistry", "ServiceRegistry.csproj", "{D8DC4876-2A50-49B1-A908-34CCEAD4BF8A}"
EndProject
Project("{2150E333-8FDC-42A3-9474-1A3956D46DE8}") = ".nuget", ".nuget", "{70018B4A-80D4-4C81-8F92-9F3248DED1A7}"
	ProjectSection(SolutionItems) = preProject
		.nuget\NuGet.Config = .nuget\NuGet.Config
		.nuget\NuGet.exe = .nuget\NuGet.exe
		.nuget\NuGet.targets = .nuget\NuGet.targets
	EndProjectSection
EndProject
Project("{2150E333-8FDC-42A3-9474-1A3956D46DE8}") = "Solution Items", "Solution Items", "{C9DC5451-A101-45E9-A718-02AE460FCA6A}"
	ProjectSection(SolutionItems) = preProject
		Config.xml = Config.xml
		Example.cs = Example.cs
		LICENSE.txt = LICENSE.txt
		README.md = README.md
	EndProjectSection
EndProject
Global
	GlobalSection(SolutionConfigurationPlatforms) = preSolution
		Debug|Any CPU = Debug|Any CPU
		Release|Any CPU = Release|Any CPU
	EndGlobalSection
	GlobalSection(ProjectConfigurationPlatforms) = postSolution
		{D8DC4876-2A50-49B1-A908-34CCEAD4BF8A}.Debug|Any CPU.ActiveCfg = Debug|Any CPU
		{D8DC4876-2A50-49B1-A908-34CCEAD4BF8A}.Debug|Any CPU.Build.0 = Debug|Any CPU
		{D8DC4876-2A50-49B1-A908-34CCEAD4BF8A}.Release|Any CPU.ActiveCfg = Release|Any CPU
		{D8DC4876-2A50-49B1-A908-34CCEAD4BF8A}.Release|Any CPU.Build.0 = Release|Any CPU
	EndGlobalSection
	GlobalSection(SolutionProperties) = preSolution
		HideSolutionNode = FALSE
	EndGlobalSection
EndGlobal
